lockfileVersion: '9.0'

settings:
  autoInstallPeers: true
  excludeLinksFromLockfile: false

importers:

  .:
    devDependencies:
      '@terrazzo/cli':
        specifier: ^0.2.1
        version: 0.2.1

packages:

  '@humanwhocodes/momoa@3.3.3':
    resolution: {integrity: sha512-5EKzSg1FH5wpg0HXBsglgC5u9U4qFgvZX7u8oVDP6XH6Mh9kmz4iQZV9/88xMdQ/UGQNxckf5njK65gU9jjS0w==}
    engines: {node: '>=18'}

  '@terrazzo/cli@0.2.1':
    resolution: {integrity: sha512-4S4FKycJeLRRZPZTl6pX19lYjMh8fxII3RD7Qx5DCQkFUUve+nfVOSbmIi1vChowSdGC3OKszsomWjPUs6AyXw==}
    hasBin: true

  '@terrazzo/parser@0.2.1':
    resolution: {integrity: sha512-sHGAm+llP7ypSRqcJGz9CfW722ruYnpRQxNajHLKHzUe8rbA8jAz9IXWfySFZbeW+QeUvFhEYbzUW4Ls0YEvOw==}

  '@terrazzo/token-tools@0.2.1':
    resolution: {integrity: sha512-9eufdZoX69xHrhupT5PIF+yzMoGl1nzC0yCW5Vg7MLN1+atuHLVh0dNiHQoaqT2MiMR6pDGyDLIs/oBLNQ0G7g==}

  '@types/babel__code-frame@7.0.6':
    resolution: {integrity: sha512-Anitqkl3+KrzcW2k77lRlg/GfLZLWXBuNgbEcIOU6M92yw42vsd3xV/Z/yAHEj8m+KUjL6bWOVOFqX8PFPJ4LA==}

  '@types/culori@2.1.1':
    resolution: {integrity: sha512-NzLYD0vNHLxTdPp8+RlvGbR2NfOZkwxcYGFwxNtm+WH2NuUNV8785zv1h0sulFQ5aFQ9n/jNDUuJeo3Bh7+oFA==}

  anymatch@3.1.3:
    resolution: {integrity: sha512-KMReFUr0B4t+D+OBkjR3KYqvocp2XaSzO55UcB6mgQMd3KbcE+mWTyvVV7D/zsdEbNnV6acZUutkiHQXvTr1Rw==}
    engines: {node: '>= 8'}

  binary-extensions@2.3.0:
    resolution: {integrity: sha512-Ceh+7ox5qe7LJuLHoY0feh3pHuUDHAcRUeyL2VYghZwfpkNIy/+8Ocg0a3UuSoYzavmylwuLWQOf3hl0jjMMIw==}
    engines: {node: '>=8'}

  braces@3.0.3:
    resolution: {integrity: sha512-yQbXgO/OSZVD2IsiLlro+7Hf6Q18EJrKSEsdoMzKePKXct3gvD8oLcOQdIzGupr5Fj+EDe8gO/lxc1BzfMpxvA==}
    engines: {node: '>=8'}

  chokidar@3.6.0:
    resolution: {integrity: sha512-7VT13fmjotKpGipCW9JEQAusEPE+Ei8nl6/g4FBAmIm0GOOLMua9NDDo/DWp0ZAxCr3cPq5ZpBqmPAQgDda2Pw==}
    engines: {node: '>= 8.10.0'}

  culori@4.0.1:
    resolution: {integrity: sha512-LSnjA6HuIUOlkfKVbzi2OlToZE8OjFi667JWN9qNymXVXzGDmvuP60SSgC+e92sd7B7158f7Fy3Mb6rXS5EDPw==}
    engines: {node: ^12.20.0 || ^14.13.1 || >=16.0.0}

  dotenv@16.4.5:
    resolution: {integrity: sha512-ZmdL2rui+eB2YwhsWzjInR8LldtZHGDoQ1ugH85ppHKwpUHL7j7rN0Ti9NCnGiQbhaZ11FpR+7ao1dNsmduNUg==}
    engines: {node: '>=12'}

  fill-range@7.1.1:
    resolution: {integrity: sha512-YsGpe3WHLK8ZYi4tWDg2Jy3ebRz2rXowDxnld4bkQB00cc/1Zw9AWnC0i9ztDJitivtQvaI9KaLyKrc+hBW0yg==}
    engines: {node: '>=8'}

  fsevents@2.3.3:
    resolution: {integrity: sha512-5xoDfX+fL7faATnagmWPpbFtwh/R77WmMMqqHGS65C3vvB0YHrgF+B1YmZ3441tMj5n63k0212XNoJwzlhffQw==}
    engines: {node: ^8.16.0 || ^10.6.0 || >=11.0.0}
    os: [darwin]

  glob-parent@5.1.2:
    resolution: {integrity: sha512-AOIgSQCepiJYwP3ARnGx+5VnTu2HBYdzbGP45eLw1vr3zB3vZLeyed1sC9hnbcOc9/SrMyM5RPQrkGz4aS9Zow==}
    engines: {node: '>= 6'}

  is-binary-path@2.1.0:
    resolution: {integrity: sha512-ZMERYes6pDydyuGidse7OsHxtbI7WVeUEozgR/g7rd0xUimYNlvZRE/K2MgZTjWy725IfelLeVcEM97mmtRGXw==}
    engines: {node: '>=8'}

  is-extglob@2.1.1:
    resolution: {integrity: sha512-SbKbANkN603Vi4jEZv49LeVJMn4yGwsbzZworEoyEiutsN3nJYdbO36zfhGJ6QEDpOZIFkDtnq5JRxmvl3jsoQ==}
    engines: {node: '>=0.10.0'}

  is-glob@4.0.3:
    resolution: {integrity: sha512-xelSayHH36ZgE7ZWhli7pW34hNbNl8Ojv5KVmkJD4hBdD3th8Tfk9vYasLM+mXWOZhFkgZfxhLSnrwRr4elSSg==}
    engines: {node: '>=0.10.0'}

  is-number@7.0.0:
    resolution: {integrity: sha512-41Cifkg6e8TylSpdtTpeLVMqvSBEVzTttHvERD741+pnZ8ANv0004MRL43QKPDlK9cGvNp6NZWZUBlbGXYxxng==}
    engines: {node: '>=0.12.0'}

  is-what@4.1.16:
    resolution: {integrity: sha512-ZhMwEosbFJkA0YhFnNDgTM4ZxDRsS6HqTo7qsZM08fehyRYIYa0yHu5R6mgo1n/8MgaPBXiPimPD77baVFYg+A==}
    engines: {node: '>=12.13'}

  merge-anything@5.1.7:
    resolution: {integrity: sha512-eRtbOb1N5iyH0tkQDAoQ4Ipsp/5qSR79Dzrz8hEPxRX10RWWR/iQXdoKmBSRCThY1Fh5EhISDtpSc93fpxUniQ==}
    engines: {node: '>=12.13'}

  normalize-path@3.0.0:
    resolution: {integrity: sha512-6eZs5Ls3WtCisHWp9S2GUy8dqkpGi4BVSz3GaqiE6ezub0512ESztXUwUB6C6IKbQkY2Pnb/mD4WYojCRwcwLA==}
    engines: {node: '>=0.10.0'}

  picocolors@1.1.1:
    resolution: {integrity: sha512-xceH2snhtb5M9liqDsmEw56le376mTZkEX/jEb/RxNFyegNul7eNslCXP9FDj/Lcu0X8KEyMceP2ntpaHrDEVA==}

  picomatch@2.3.1:
    resolution: {integrity: sha512-JU3teHTNjmE2VCGFzuY8EXzCDVwEqB2a8fsIvwaStHhAWJEeVd1o1QD80CU6+ZdEXXSLbSsuLwJjkCBWqRQUVA==}
    engines: {node: '>=8.6'}

  readdirp@3.6.0:
    resolution: {integrity: sha512-hOS089on8RduqdbhvQ5Z37A0ESjsqz6qnRcffsMU3495FuTdqSm+7bhJ29JvIOsBDEEnan5DPu9t3To9VRlMzA==}
    engines: {node: '>=8.10.0'}

  scule@1.3.0:
    resolution: {integrity: sha512-6FtHJEvt+pVMIB9IBY+IcCJ6Z5f1iQnytgyfKMhDKgmzYG+TeH/wx1y3l27rshSbLiSanrR9ffZDrEsmjlQF2g==}

  to-regex-range@5.0.1:
    resolution: {integrity: sha512-65P7iz6X5yEr1cwcgvQxbbIw7Uk3gOy5dIdtZ4rDveLqhrdJP+Li/Hx6tyK0NEb+2GCyneCMJiGqrADCSNk8sQ==}
    engines: {node: '>=8.0'}

  wildcard-match@5.1.3:
    resolution: {integrity: sha512-a95hPUk+BNzSGLntNXYxsjz2Hooi5oL7xOfJR6CKwSsSALh7vUNuTlzsrZowtYy38JNduYFRVhFv19ocqNOZlg==}

  yaml-to-momoa@0.0.3:
    resolution: {integrity: sha512-8zEu6HkZO+upPrmEg9kqugEoPC8A11f7zveWv4qwMHJ1+21FYU2bqf2TleMm2IlwRNcdvDLx0yWJUxGlHJm3qA==}

  yaml@2.6.1:
    resolution: {integrity: sha512-7r0XPzioN/Q9kXBro/XPnA6kznR73DHq+GXh5ON7ZozRO6aMjbmiBuKste2wslTFkC5d1dw0GooOCepZXJ2SAg==}
    engines: {node: '>= 14'}
    hasBin: true

snapshots:

  '@humanwhocodes/momoa@3.3.3': {}

  '@terrazzo/cli@0.2.1':
    dependencies:
      '@terrazzo/parser': 0.2.1
      '@terrazzo/token-tools': 0.2.1
      chokidar: 3.6.0
      dotenv: 16.4.5
      merge-anything: 5.1.7
      picocolors: 1.1.1
      yaml-to-momoa: 0.0.3

  '@terrazzo/parser@0.2.1':
    dependencies:
      '@humanwhocodes/momoa': 3.3.3
      '@terrazzo/token-tools': 0.2.1
      '@types/babel__code-frame': 7.0.6
      '@types/culori': 2.1.1
      culori: 4.0.1
      is-what: 4.1.16
      merge-anything: 5.1.7
      picocolors: 1.1.1
      scule: 1.3.0
      wildcard-match: 5.1.3
      yaml: 2.6.1

  '@terrazzo/token-tools@0.2.1':
    dependencies:
      '@humanwhocodes/momoa': 3.3.3
      culori: 4.0.1
      scule: 1.3.0
      wildcard-match: 5.1.3

  '@types/babel__code-frame@7.0.6': {}

  '@types/culori@2.1.1': {}

  anymatch@3.1.3:
    dependencies:
      normalize-path: 3.0.0
      picomatch: 2.3.1

  binary-extensions@2.3.0: {}

  braces@3.0.3:
    dependencies:
      fill-range: 7.1.1

  chokidar@3.6.0:
    dependencies:
      anymatch: 3.1.3
      braces: 3.0.3
      glob-parent: 5.1.2
      is-binary-path: 2.1.0
      is-glob: 4.0.3
      normalize-path: 3.0.0
      readdirp: 3.6.0
    optionalDependencies:
      fsevents: 2.3.3

  culori@4.0.1: {}

  dotenv@16.4.5: {}

  fill-range@7.1.1:
    dependencies:
      to-regex-range: 5.0.1

  fsevents@2.3.3:
    optional: true

  glob-parent@5.1.2:
    dependencies:
      is-glob: 4.0.3

  is-binary-path@2.1.0:
    dependencies:
      binary-extensions: 2.3.0

  is-extglob@2.1.1: {}

  is-glob@4.0.3:
    dependencies:
      is-extglob: 2.1.1

  is-number@7.0.0: {}

  is-what@4.1.16: {}

  merge-anything@5.1.7:
    dependencies:
      is-what: 4.1.16

  normalize-path@3.0.0: {}

  picocolors@1.1.1: {}

  picomatch@2.3.1: {}

  readdirp@3.6.0:
    dependencies:
      picomatch: 2.3.1

  scule@1.3.0: {}

  to-regex-range@5.0.1:
    dependencies:
      is-number: 7.0.0

  wildcard-match@5.1.3: {}

  yaml-to-momoa@0.0.3:
    dependencies:
      '@humanwhocodes/momoa': 3.3.3
      yaml: 2.6.1

  yaml@2.6.1: {}
