lockfileVersion: '9.0'

settings:
  autoInstallPeers: true
  excludeLinksFromLockfile: false

importers:

  .:
    devDependencies:
      '@biomejs/biome':
        specifier: ^2.3.11
        version: 2.3.11
      '@carbon/colors':
        specifier: ^11.45.0
        version: 11.45.0
      '@carbon/layout':
        specifier: ^11.46.0
        version: 11.46.0
      '@carbon/type':
        specifier: ^11.52.0
        version: 11.52.0
      '@fluentui/theme':
        specifier: ^2.7.2
        version: 2.7.2(@types/react@19.2.2)(react@19.2.0)
      '@terrazzo/cli':
        specifier: ^0.8.1
        version: 0.8.1(hono@4.7.9)
      '@terrazzo/parser':
        specifier: ^0.8.1
        version: 0.8.1
      '@types/node':
        specifier: ^24.10.8
        version: 24.10.8
      colorjs.io:
        specifier: ^0.6.0
        version: 0.6.0
      degit:
        specifier: ^2.8.4
        version: 2.8.4
      json5:
        specifier: ^2.2.3
        version: 2.2.3
      tinyglobby:
        specifier: ^0.2.15
        version: 0.2.15

packages:

  '@biomejs/biome@2.3.11':
    resolution: {integrity: sha512-/zt+6qazBWguPG6+eWmiELqO+9jRsMZ/DBU3lfuU2ngtIQYzymocHhKiZRyrbra4aCOoyTg/BmY+6WH5mv9xmQ==}
    engines: {node: '>=14.21.3'}
    hasBin: true

  '@biomejs/cli-darwin-arm64@2.3.11':
    resolution: {integrity: sha512-/uXXkBcPKVQY7rc9Ys2CrlirBJYbpESEDme7RKiBD6MmqR2w3j0+ZZXRIL2xiaNPsIMMNhP1YnA+jRRxoOAFrA==}
    engines: {node: '>=14.21.3'}
    cpu: [arm64]
    os: [darwin]

  '@biomejs/cli-darwin-x64@2.3.11':
    resolution: {integrity: sha512-fh7nnvbweDPm2xEmFjfmq7zSUiox88plgdHF9OIW4i99WnXrAC3o2P3ag9judoUMv8FCSUnlwJCM1B64nO5Fbg==}
    engines: {node: '>=14.21.3'}
    cpu: [x64]
    os: [darwin]

  '@biomejs/cli-linux-arm64-musl@2.3.11':
    resolution: {integrity: sha512-XPSQ+XIPZMLaZ6zveQdwNjbX+QdROEd1zPgMwD47zvHV+tCGB88VH+aynyGxAHdzL+Tm/+DtKST5SECs4iwCLg==}
    engines: {node: '>=14.21.3'}
    cpu: [arm64]
    os: [linux]

  '@biomejs/cli-linux-arm64@2.3.11':
    resolution: {integrity: sha512-l4xkGa9E7Uc0/05qU2lMYfN1H+fzzkHgaJoy98wO+b/7Gl78srbCRRgwYSW+BTLixTBrM6Ede5NSBwt7rd/i6g==}
    engines: {node: '>=14.21.3'}
    cpu: [arm64]
    os: [linux]

  '@biomejs/cli-linux-x64-musl@2.3.11':
    resolution: {integrity: sha512-vU7a8wLs5C9yJ4CB8a44r12aXYb8yYgBn+WeyzbMjaCMklzCv1oXr8x+VEyWodgJt9bDmhiaW/I0RHbn7rsNmw==}
    engines: {node: '>=14.21.3'}
    cpu: [x64]
    os: [linux]

  '@biomejs/cli-linux-x64@2.3.11':
    resolution: {integrity: sha512-/1s9V/H3cSe0r0Mv/Z8JryF5x9ywRxywomqZVLHAoa/uN0eY7F8gEngWKNS5vbbN/BsfpCG5yeBT5ENh50Frxg==}
    engines: {node: '>=14.21.3'}
    cpu: [x64]
    os: [linux]

  '@biomejs/cli-win32-arm64@2.3.11':
    resolution: {integrity: sha512-PZQ6ElCOnkYapSsysiTy0+fYX+agXPlWugh6+eQ6uPKI3vKAqNp6TnMhoM3oY2NltSB89hz59o8xIfOdyhi9Iw==}
    engines: {node: '>=14.21.3'}
    cpu: [arm64]
    os: [win32]

  '@biomejs/cli-win32-x64@2.3.11':
    resolution: {integrity: sha512-43VrG813EW+b5+YbDbz31uUsheX+qFKCpXeY9kfdAx+ww3naKxeVkTD9zLIWxUPfJquANMHrmW3wbe/037G0Qg==}
    engines: {node: '>=14.21.3'}
    cpu: [x64]
    os: [win32]

  '@carbon/colors@11.45.0':
    resolution: {integrity: sha512-3ZHP2L77PbBytPl6jf7OcDVvEH/i1SIzGJfdA9rMZ7L8AyUpvf/zTEcN+BrOv+Xsg2idPtlz3ZyRkm5oASl6rg==}

  '@carbon/grid@11.48.0':
    resolution: {integrity: sha512-gh+3Ez5qMWfdjLCmnF9vjKk8X7OG4g5VLPehXecB/nrYZ2GLFPKxjASCd+5FN5c1flg+erYi0v/SiPzM+UC3xg==}

  '@carbon/layout@11.46.0':
    resolution: {integrity: sha512-RNwumPbMAPfeJWptT7QToES0oaOsz/sS8YQMRP3NpBNy+Bk7hXrei/6tUPkx5cJwS/xOrz3qhkLeSf/87oa3pQ==}

  '@carbon/type@11.52.0':
    resolution: {integrity: sha512-6nGXKqp20fKiXxTWhPRopPfVwTA1DES3Cz59RGJGAyOpbuzowqNp1j9PWIx3D74pfXc4pbrOqFK9F88ylLM6zg==}

  '@clack/core@0.4.1':
    resolution: {integrity: sha512-Pxhij4UXg8KSr7rPek6Zowm+5M22rbd2g1nfojHJkxp5YkFqiZ2+YLEM/XGVIzvGOcM0nqjIFxrpDwWRZYWYjA==}

  '@clack/prompts@0.9.1':
    resolution: {integrity: sha512-JIpyaboYZeWYlyP0H+OoPPxd6nqueG/CmN6ixBiNFsIDHREevjIf0n0Ohh5gr5C8pEDknzgvz+pIJ8dMhzWIeg==}

  '@fluentui/dom-utilities@2.3.10':
    resolution: {integrity: sha512-6WDImiLqTOpkEtfUKSStcTDpzmJfL6ZammomcjawN9xH/8u8G3Hx72CIt2MNck9giw/oUlNLJFdWRAjeP3rmPQ==}

  '@fluentui/merge-styles@8.6.14':
    resolution: {integrity: sha512-vghuHFAfQgS9WLIIs4kgDOCh/DHd5vGIddP4/bzposhlAVLZR6wUBqldm9AuCdY88r5LyCRMavVJLV+Up3xdvA==}

  '@fluentui/react-window-provider@2.3.2':
    resolution: {integrity: sha512-T15zFPIWr9De8hNkapne7YyvcxclyTK2bMXXHZwbWLkVeH/lGHRG0CIy/calNGKa86wuzMJhq8iqFW2W6+EwVQ==}
    peerDependencies:
      '@types/react': '>=16.8.0 <20.0.0'
      react: '>=16.8.0 <20.0.0'

  '@fluentui/set-version@8.2.24':
    resolution: {integrity: sha512-8uNi2ThvNgF+6d3q2luFVVdk/wZV0AbRfJ85kkvf2+oSRY+f6QVK0w13vMorNhA5puumKcZniZoAfUF02w7NSg==}

  '@fluentui/theme@2.7.2':
    resolution: {integrity: sha512-UXGNfGa/1bLmYrOpmHXdvyc7CzlNSKUQAADweTncbNoMF1DvscWEjPj5kxFgCmOU8wVtvvn4GraNNUSWtNxeeA==}
    peerDependencies:
      '@types/react': '>=16.8.0 <20.0.0'
      react: '>=16.8.0 <20.0.0'

  '@fluentui/utilities@8.17.2':
    resolution: {integrity: sha512-TmeWVtGN+Lk0mch7tuRcbkeMdrBwltI68fvQbPwcNLo4igFtTInMmjEnVJGa7pBQN5lQAmHYqB9IJI6RZU/t6w==}
    peerDependencies:
      '@types/react': '>=16.8.0 <20.0.0'
      react: '>=16.8.0 <20.0.0'

  '@hono/node-server@1.19.9':
    resolution: {integrity: sha512-vHL6w3ecZsky+8P5MD+eFfaGTyCeOHUIFYMGpQGbrBTSmNNoxv0if69rEZ5giu36weC5saFuznL411gRX7bJDw==}
    engines: {node: '>=18.14.1'}
    peerDependencies:
      hono: ^4

  '@humanwhocodes/momoa@3.3.10':
    resolution: {integrity: sha512-KWiFQpSAqEIyrTXko3hFNLeQvSK8zXlJQzhhxsyVn58WFRYXST99b3Nqnu+ttOtjds2Pl2grUHGpe2NzhPynuQ==}
    engines: {node: '>=18'}

  '@ibm/telemetry-js@1.10.2':
    resolution: {integrity: sha512-F8+/NNUwtm8BuFz18O9KPvIFTFDo8GUSoyhPxPjEpk7nEyEzWGfhIiEPhL00B2NdHRLDSljh3AiCfSnL/tutiQ==}
    hasBin: true

  '@terrazzo/cli@0.8.1':
    resolution: {integrity: sha512-Oa0mvu3ntJmzUdUZHx0ajV25b2+bBSNrVlSAdG+4mFh6JBvM2cXM6P1rNiCsEY/lmbkc7WoclLt6z3LORAL5gg==}
    hasBin: true

  '@terrazzo/parser@0.8.1':
    resolution: {integrity: sha512-ClWE5hl6bhIQ3GOjxb5AY+FJ5aK7Itx5vHR/ik+Esqd7wOz8AhElZBgSzpb7TjEJzwP6gFs+C3QQIQLhygSueA==}

  '@terrazzo/token-tools@0.8.1':
    resolution: {integrity: sha512-xVXEVwDW/uZ7MTpXLVg+Nocv6oxh8+pc7WxHTgphkju3Ipb1obEwISMNE36WKLKnPqp8nArOVfKD9YV0D5Qqrg==}

  '@types/babel__code-frame@7.27.0':
    resolution: {integrity: sha512-Dwlo+LrxDx/0SpfmJ/BKveHf7QXWvLBLc+x03l5sbzykj3oB9nHygCpSECF1a+s+QIxbghe+KHqC90vGtxLRAA==}

  '@types/culori@4.0.1':
    resolution: {integrity: sha512-43M51r/22CjhbOXyGT361GZ9vncSVQ39u62x5eJdBQFviI8zWp2X5jzqg7k4M6PVgDQAClpy2bUe2dtwEgEDVQ==}

  '@types/escodegen@0.0.10':
    resolution: {integrity: sha512-IVvcNLEFbiL17qiGRGzyfx/u9K6lA5w6wcQSIgv2h4JG3ZAFIY1Be9ITTSPuARIxRpzW54s8OvcF6PdonBbDzg==}

  '@types/node@24.10.8':
    resolution: {integrity: sha512-r0bBaXu5Swb05doFYO2kTWHMovJnNVbCsII0fhesM8bNRlLhXIuckley4a2DaD+vOdmm5G+zGkQZAPZsF80+YQ==}

  '@types/react@19.2.2':
    resolution: {integrity: sha512-6mDvHUFSjyT2B2yeNx2nUgMxh9LtOWvkhIU3uePn2I2oyNymUAX1NIsdgviM4CH+JSrp2D2hsMvJOkxY+0wNRA==}

  anymatch@3.1.3:
    resolution: {integrity: sha512-KMReFUr0B4t+D+OBkjR3KYqvocp2XaSzO55UcB6mgQMd3KbcE+mWTyvVV7D/zsdEbNnV6acZUutkiHQXvTr1Rw==}
    engines: {node: '>= 8'}

  binary-extensions@2.3.0:
    resolution: {integrity: sha512-Ceh+7ox5qe7LJuLHoY0feh3pHuUDHAcRUeyL2VYghZwfpkNIy/+8Ocg0a3UuSoYzavmylwuLWQOf3hl0jjMMIw==}
    engines: {node: '>=8'}

  braces@3.0.3:
    resolution: {integrity: sha512-yQbXgO/OSZVD2IsiLlro+7Hf6Q18EJrKSEsdoMzKePKXct3gvD8oLcOQdIzGupr5Fj+EDe8gO/lxc1BzfMpxvA==}
    engines: {node: '>=8'}

  chokidar@3.6.0:
    resolution: {integrity: sha512-7VT13fmjotKpGipCW9JEQAusEPE+Ei8nl6/g4FBAmIm0GOOLMua9NDDo/DWp0ZAxCr3cPq5ZpBqmPAQgDda2Pw==}
    engines: {node: '>= 8.10.0'}

  colorjs.io@0.6.0:
    resolution: {integrity: sha512-NgaccdK0ajJ9DPfa5OrIFRfTm4XILboOuqKV6tu9UonREcve+RUilZR3cdo7BbG+xIHFbDv4CxTE4M2vsj7nqw==}

  cross-spawn@7.0.6:
    resolution: {integrity: sha512-uV2QOWP2nWzsy2aMp8aRibhi9dlzF5Hgh5SHaB9OiTGEyDTiJJyx0uy51QXdyWbtAHNua4XJzUKca3OzKUd3vA==}
    engines: {node: '>= 8'}

  csstype@3.2.3:
    resolution: {integrity: sha512-z1HGKcYy2xA8AGQfwrn0PAy+PB7X/GSj3UVJW9qKyn43xWa+gl5nXmU4qqLMRzWVLFC8KusUX8T/0kCiOYpAIQ==}

  culori@4.0.2:
    resolution: {integrity: sha512-1+BhOB8ahCn4O0cep0Sh2l9KCOfOdY+BXJnKMHFFzDEouSr/el18QwXEMRlOj9UY5nCeA8UN3a/82rUWRBeyBw==}
    engines: {node: ^12.20.0 || ^14.13.1 || >=16.0.0}

  degit@2.8.4:
    resolution: {integrity: sha512-vqYuzmSA5I50J882jd+AbAhQtgK6bdKUJIex1JNfEUPENCgYsxugzKVZlFyMwV4i06MmnV47/Iqi5Io86zf3Ng==}
    engines: {node: '>=8.0.0'}
    hasBin: true

  detect-package-manager@3.0.2:
    resolution: {integrity: sha512-8JFjJHutStYrfWwzfretQoyNGoZVW1Fsrp4JO9spa7h/fBfwgTMEIy4/LBzRDGsxwVPHU0q+T9YvwLDJoOApLQ==}
    engines: {node: '>=12'}

  dotenv@16.6.1:
    resolution: {integrity: sha512-uBq4egWHTcTt33a72vpSG0z3HnPuIl6NqYcTrKEg2azoEyl2hpW0zqlxysq2pK9HlDIHyHyakeYaYnSAwd8bow==}
    engines: {node: '>=12'}

  escodegen@2.1.0:
    resolution: {integrity: sha512-2NlIDTwUWJN0mRPQOdtQBzbUHvdGY2P1VXSyU83Q3xKxM7WHX2Ql8dKq782Q9TgQUNOLEzEYu9bzLNj1q88I5w==}
    engines: {node: '>=6.0'}
    hasBin: true

  esprima@4.0.1:
    resolution: {integrity: sha512-eGuFFw7Upda+g4p+QHvnW0RyTX/SVeJBDM/gCtMARO0cLuT2HcEKnTPvhjV6aGeqrCB/sbNop0Kszm0jsaWU4A==}
    engines: {node: '>=4'}
    hasBin: true

  estraverse@5.3.0:
    resolution: {integrity: sha512-MMdARuVEQziNTeJD8DgMqmhwR11BRQ/cBP+pLtYdSTnf3MIO8fFeiINEbX36ZdNlfU/7A9f3gUw49B3oQsvwBA==}
    engines: {node: '>=4.0'}

  esutils@2.0.3:
    resolution: {integrity: sha512-kVscqXk4OCp68SZ0dkgEKVi6/8ij300KBWTJq32P/dYeWTSwK41WyTxalN1eRmA5Z9UU/LX9D7FWSmV9SAYx6g==}
    engines: {node: '>=0.10.0'}

  execa@5.1.1:
    resolution: {integrity: sha512-8uSpZZocAZRBAPIEINJj3Lo9HyGitllczc27Eh5YYojjMFMn8yHMDMaUHE2Jqfq05D/wucwI4JGURyXt1vchyg==}
    engines: {node: '>=10'}

  fdir@6.5.0:
    resolution: {integrity: sha512-tIbYtZbucOs0BRGqPJkshJUYdL+SDH7dVM8gjy+ERp3WAUjLEFJE+02kanyHtwjWOnwrKYBiwAmM0p4kLJAnXg==}
    engines: {node: '>=12.0.0'}
    peerDependencies:
      picomatch: ^3 || ^4
    peerDependenciesMeta:
      picomatch:
        optional: true

  fill-range@7.1.1:
    resolution: {integrity: sha512-YsGpe3WHLK8ZYi4tWDg2Jy3ebRz2rXowDxnld4bkQB00cc/1Zw9AWnC0i9ztDJitivtQvaI9KaLyKrc+hBW0yg==}
    engines: {node: '>=8'}

  fsevents@2.3.3:
    resolution: {integrity: sha512-5xoDfX+fL7faATnagmWPpbFtwh/R77WmMMqqHGS65C3vvB0YHrgF+B1YmZ3441tMj5n63k0212XNoJwzlhffQw==}
    engines: {node: ^8.16.0 || ^10.6.0 || >=11.0.0}
    os: [darwin]

  get-stream@6.0.1:
    resolution: {integrity: sha512-ts6Wi+2j3jQjqi70w5AlN8DFnkSwC+MqmxEzdEALB2qXZYV3X/b1CTfgPLGJNMeAWxdPfU8FO1ms3NUfaHCPYg==}
    engines: {node: '>=10'}

  glob-parent@5.1.2:
    resolution: {integrity: sha512-AOIgSQCepiJYwP3ARnGx+5VnTu2HBYdzbGP45eLw1vr3zB3vZLeyed1sC9hnbcOc9/SrMyM5RPQrkGz4aS9Zow==}
    engines: {node: '>= 6'}

  hono@4.7.9:
    resolution: {integrity: sha512-/EsCoR5h7N4yu01TDu9GMCCJa6ZLk5ZJIWFFGNawAXmd1Tp53+Wir4xm0D2X19bbykWUlzQG0+BvPAji6p9E8Q==}
    engines: {node: '>=16.9.0'}

  human-signals@2.1.0:
    resolution: {integrity: sha512-B4FFZ6q/T2jhhksgkbEW3HBvWIfDW85snkQgawt07S7J5QXTk6BkNV+0yAeZrM5QpMAdYlocGoljn0sJ/WQkFw==}
    engines: {node: '>=10.17.0'}

  is-binary-path@2.1.0:
    resolution: {integrity: sha512-ZMERYes6pDydyuGidse7OsHxtbI7WVeUEozgR/g7rd0xUimYNlvZRE/K2MgZTjWy725IfelLeVcEM97mmtRGXw==}
    engines: {node: '>=8'}

  is-extglob@2.1.1:
    resolution: {integrity: sha512-SbKbANkN603Vi4jEZv49LeVJMn4yGwsbzZworEoyEiutsN3nJYdbO36zfhGJ6QEDpOZIFkDtnq5JRxmvl3jsoQ==}
    engines: {node: '>=0.10.0'}

  is-glob@4.0.3:
    resolution: {integrity: sha512-xelSayHH36ZgE7ZWhli7pW34hNbNl8Ojv5KVmkJD4hBdD3th8Tfk9vYasLM+mXWOZhFkgZfxhLSnrwRr4elSSg==}
    engines: {node: '>=0.10.0'}

  is-number@7.0.0:
    resolution: {integrity: sha512-41Cifkg6e8TylSpdtTpeLVMqvSBEVzTttHvERD741+pnZ8ANv0004MRL43QKPDlK9cGvNp6NZWZUBlbGXYxxng==}
    engines: {node: '>=0.12.0'}

  is-stream@2.0.1:
    resolution: {integrity: sha512-hFoiJiTl63nn+kstHGBtewWSKnQLpyb155KHheA1l39uvtO9nWIop1p3udqPcUd/xbF1VLMO4n7OI6p7RbngDg==}
    engines: {node: '>=8'}

  is-what@4.1.16:
    resolution: {integrity: sha512-ZhMwEosbFJkA0YhFnNDgTM4ZxDRsS6HqTo7qsZM08fehyRYIYa0yHu5R6mgo1n/8MgaPBXiPimPD77baVFYg+A==}
    engines: {node: '>=12.13'}

  isexe@2.0.0:
    resolution: {integrity: sha512-RHxMLp9lnKHGHRng9QFhRCMbYAcVpn69smSGcq3f36xjgVVWThj4qqLbTLlq7Ssj8B+fIQ1EuCEGI2lKsyQeIw==}

  json5@2.2.3:
    resolution: {integrity: sha512-XmOWe7eyHYH14cLdVPoyg+GOH3rYX++KpzrylJwSW98t3Nk+U8XOl8FWKOgwtzdb8lXGf6zYwDUzeHMWfxasyg==}
    engines: {node: '>=6'}
    hasBin: true

  merge-anything@5.1.7:
    resolution: {integrity: sha512-eRtbOb1N5iyH0tkQDAoQ4Ipsp/5qSR79Dzrz8hEPxRX10RWWR/iQXdoKmBSRCThY1Fh5EhISDtpSc93fpxUniQ==}
    engines: {node: '>=12.13'}

  merge-stream@2.0.0:
    resolution: {integrity: sha512-abv/qOcuPfk3URPfDzmZU1LKmuw8kT+0nIHvKrKgFrwifol/doWcdA4ZqsWQ8ENrFKkd67Mfpo/LovbIUsbt3w==}

  meriyah@6.1.4:
    resolution: {integrity: sha512-Sz8FzjzI0kN13GK/6MVEsVzMZEPvOhnmmI1lU5+/1cGOiK3QUahntrNNtdVeihrO7t9JpoH75iMNXg6R6uWflQ==}
    engines: {node: '>=18.0.0'}

  mime@4.1.0:
    resolution: {integrity: sha512-X5ju04+cAzsojXKes0B/S4tcYtFAJ6tTMuSPBEn9CPGlrWr8Fiw7qYeLT0XyH80HSoAoqWCaz+MWKh22P7G1cw==}
    engines: {node: '>=16'}
    hasBin: true

  mimic-fn@2.1.0:
    resolution: {integrity: sha512-OqbOk5oEQeAZ8WXWydlu9HJjz9WVdEIvamMCcXmuqUYjTknH/sqsWvhQ3vgwKFRR1HpjvNBKQ37nbJgYzGqGcg==}
    engines: {node: '>=6'}

  normalize-path@3.0.0:
    resolution: {integrity: sha512-6eZs5Ls3WtCisHWp9S2GUy8dqkpGi4BVSz3GaqiE6ezub0512ESztXUwUB6C6IKbQkY2Pnb/mD4WYojCRwcwLA==}
    engines: {node: '>=0.10.0'}

  npm-run-path@4.0.1:
    resolution: {integrity: sha512-S48WzZW777zhNIrn7gxOlISNAqi9ZC/uQFnRdbeIHhZhCA6UqpkOT8T1G7BvfdgP4Er8gF4sUbaS0i7QvIfCWw==}
    engines: {node: '>=8'}

  onetime@5.1.2:
    resolution: {integrity: sha512-kbpaSSGJTWdAY5KPVeMOKXSrPtr8C8C7wodJbcsd51jRnmD+GZu8Y0VoU6Dm5Z4vWr0Ig/1NKuWRKf7j5aaYSg==}
    engines: {node: '>=6'}

  path-key@3.1.1:
    resolution: {integrity: sha512-ojmeN0qd+y0jszEtoY48r0Peq5dwMEkIlCOu6Q5f41lfkswXuKtYrhgoTpLnyIcHm24Uhqx+5Tqm2InSwLhE6Q==}
    engines: {node: '>=8'}

  picocolors@1.1.1:
    resolution: {integrity: sha512-xceH2snhtb5M9liqDsmEw56le376mTZkEX/jEb/RxNFyegNul7eNslCXP9FDj/Lcu0X8KEyMceP2ntpaHrDEVA==}

  picomatch@2.3.1:
    resolution: {integrity: sha512-JU3teHTNjmE2VCGFzuY8EXzCDVwEqB2a8fsIvwaStHhAWJEeVd1o1QD80CU6+ZdEXXSLbSsuLwJjkCBWqRQUVA==}
    engines: {node: '>=8.6'}

  picomatch@4.0.3:
    resolution: {integrity: sha512-5gTmgEY/sqK6gFXLIsQNH19lWb4ebPDLA4SdLP7dsWkIXHWlG66oPuVvXSGFPppYZz8ZDZq0dYYrbHfBCVUb1Q==}
    engines: {node: '>=12'}

  react@19.2.0:
    resolution: {integrity: sha512-tmbWg6W31tQLeB5cdIBOicJDJRR2KzXsV7uSK9iNfLWQ5bIZfxuPEHp7M8wiHyHnn0DD1i7w3Zmin0FtkrwoCQ==}
    engines: {node: '>=0.10.0'}

  readdirp@3.6.0:
    resolution: {integrity: sha512-hOS089on8RduqdbhvQ5Z37A0ESjsqz6qnRcffsMU3495FuTdqSm+7bhJ29JvIOsBDEEnan5DPu9t3To9VRlMzA==}
    engines: {node: '>=8.10.0'}

  scule@1.3.0:
    resolution: {integrity: sha512-6FtHJEvt+pVMIB9IBY+IcCJ6Z5f1iQnytgyfKMhDKgmzYG+TeH/wx1y3l27rshSbLiSanrR9ffZDrEsmjlQF2g==}

  shebang-command@2.0.0:
    resolution: {integrity: sha512-kHxr2zZpYtdmrN1qDjrrX/Z1rR1kG8Dx+gkpK1G4eXmvXswmcE1hTWBWYUzlraYw1/yZp6YuDY77YtvbN0dmDA==}
    engines: {node: '>=8'}

  shebang-regex@3.0.0:
    resolution: {integrity: sha512-7++dFhtcx3353uBaq8DDR4NuxBetBzC7ZQOhmTQInHEd6bSrXdiEyzCvG07Z44UYdLShWUyXt5M/yhz8ekcb1A==}
    engines: {node: '>=8'}

  signal-exit@3.0.7:
    resolution: {integrity: sha512-wnD2ZE+l+SPC/uoS0vXeE9L1+0wuaMqKlfz9AMUo38JsyLSBWSFcHR1Rri62LZc12vLr1gb3jl7iwQhgwpAbGQ==}

  sisteransi@1.0.5:
    resolution: {integrity: sha512-bLGGlR1QxBcynn2d5YmDX4MGjlZvy2MRBDRNHLJ8VI6l6+9FUiyTFNJ0IveOSP0bcXgVDPRcfGqA0pjaqUpfVg==}

  source-map@0.6.1:
    resolution: {integrity: sha512-UjgapumWlbMhkBgzT7Ykc5YXUT46F0iKu8SGXq0bcwP5dz/h0Plj6enJqjz1Zbq2l5WaqYnrVbwWOWMyF3F47g==}
    engines: {node: '>=0.10.0'}

  strip-final-newline@2.0.0:
    resolution: {integrity: sha512-BrpvfNAE3dcvq7ll3xVumzjKjZQ5tI1sEUIKr3Uoks0XUl45St3FlatVqef9prk4jRDzhW6WZg+3bk93y6pLjA==}
    engines: {node: '>=6'}

  tinyglobby@0.2.15:
    resolution: {integrity: sha512-j2Zq4NyQYG5XMST4cbs02Ak8iJUdxRM0XI5QyxXuZOzKOINmWurp3smXu3y5wDcJrptwpSjgXHzIQxR0omXljQ==}
    engines: {node: '>=12.0.0'}

  to-regex-range@5.0.1:
    resolution: {integrity: sha512-65P7iz6X5yEr1cwcgvQxbbIw7Uk3gOy5dIdtZ4rDveLqhrdJP+Li/Hx6tyK0NEb+2GCyneCMJiGqrADCSNk8sQ==}
    engines: {node: '>=8.0'}

  tslib@2.8.1:
    resolution: {integrity: sha512-oJFu94HQb+KVduSUQL7wnpmqnfmLsOA/nAh6b6EH0wCEoK0/mPeXU6c3wKDV83MkOuHPRHtSXKKU99IBazS/2w==}

  undici-types@7.16.0:
    resolution: {integrity: sha512-Zz+aZWSj8LE6zoxD+xrjh4VfkIG8Ya6LvYkZqtUQGJPZjYl53ypCaUwWqo7eI0x66KBGeRo+mlBEkMSeSZ38Nw==}

  which@2.0.2:
    resolution: {integrity: sha512-BLI3Tl1TW3Pvl70l3yq3Y64i+awpwXqsGBYWkkqMtnbXgrMD+yj7rhW0kuEDxzJaYXGjEW5ogapKNMEKNMjibA==}
    engines: {node: '>= 8'}
    hasBin: true

  wildcard-match@5.1.4:
    resolution: {integrity: sha512-wldeCaczs8XXq7hj+5d/F38JE2r7EXgb6WQDM84RVwxy81T/sxB5e9+uZLK9Q9oNz1mlvjut+QtvgaOQFPVq/g==}

  yaml-to-momoa@0.0.6:
    resolution: {integrity: sha512-H6OxymcTIB5fTCQV7/+ETO9Wh6v1vpBDpmW94XnscKE+jQl6x58us/G6r6z5IiPCi5wuSvJ+0wipUsp0s2/Yyg==}

  yaml@2.8.2:
    resolution: {integrity: sha512-mplynKqc1C2hTVYxd0PU2xQAc22TI1vShAYGksCCfxbn/dFwnHTNi1bvYsBTkhdUNtGIf5xNOg938rrSSYvS9A==}
    engines: {node: '>= 14.6'}
    hasBin: true

snapshots:

  '@biomejs/biome@2.3.11':
    optionalDependencies:
      '@biomejs/cli-darwin-arm64': 2.3.11
      '@biomejs/cli-darwin-x64': 2.3.11
      '@biomejs/cli-linux-arm64': 2.3.11
      '@biomejs/cli-linux-arm64-musl': 2.3.11
      '@biomejs/cli-linux-x64': 2.3.11
      '@biomejs/cli-linux-x64-musl': 2.3.11
      '@biomejs/cli-win32-arm64': 2.3.11
      '@biomejs/cli-win32-x64': 2.3.11

  '@biomejs/cli-darwin-arm64@2.3.11':
    optional: true

  '@biomejs/cli-darwin-x64@2.3.11':
    optional: true

  '@biomejs/cli-linux-arm64-musl@2.3.11':
    optional: true

  '@biomejs/cli-linux-arm64@2.3.11':
    optional: true

  '@biomejs/cli-linux-x64-musl@2.3.11':
    optional: true

  '@biomejs/cli-linux-x64@2.3.11':
    optional: true

  '@biomejs/cli-win32-arm64@2.3.11':
    optional: true

  '@biomejs/cli-win32-x64@2.3.11':
    optional: true

  '@carbon/colors@11.45.0':
    dependencies:
      '@ibm/telemetry-js': 1.10.2

  '@carbon/grid@11.48.0':
    dependencies:
      '@carbon/layout': 11.46.0
      '@ibm/telemetry-js': 1.10.2

  '@carbon/layout@11.46.0':
    dependencies:
      '@ibm/telemetry-js': 1.10.2

  '@carbon/type@11.52.0':
    dependencies:
      '@carbon/grid': 11.48.0
      '@carbon/layout': 11.46.0
      '@ibm/telemetry-js': 1.10.2

  '@clack/core@0.4.1':
    dependencies:
      picocolors: 1.1.1
      sisteransi: 1.0.5

  '@clack/prompts@0.9.1':
    dependencies:
      '@clack/core': 0.4.1
      picocolors: 1.1.1
      sisteransi: 1.0.5

  '@fluentui/dom-utilities@2.3.10':
    dependencies:
      '@fluentui/set-version': 8.2.24
      tslib: 2.8.1

  '@fluentui/merge-styles@8.6.14':
    dependencies:
      '@fluentui/set-version': 8.2.24
      tslib: 2.8.1

  '@fluentui/react-window-provider@2.3.2(@types/react@19.2.2)(react@19.2.0)':
    dependencies:
      '@fluentui/set-version': 8.2.24
      '@types/react': 19.2.2
      react: 19.2.0
      tslib: 2.8.1

  '@fluentui/set-version@8.2.24':
    dependencies:
      tslib: 2.8.1

  '@fluentui/theme@2.7.2(@types/react@19.2.2)(react@19.2.0)':
    dependencies:
      '@fluentui/merge-styles': 8.6.14
      '@fluentui/set-version': 8.2.24
      '@fluentui/utilities': 8.17.2(@types/react@19.2.2)(react@19.2.0)
      '@types/react': 19.2.2
      react: 19.2.0
      tslib: 2.8.1

  '@fluentui/utilities@8.17.2(@types/react@19.2.2)(react@19.2.0)':
    dependencies:
      '@fluentui/dom-utilities': 2.3.10
      '@fluentui/merge-styles': 8.6.14
      '@fluentui/react-window-provider': 2.3.2(@types/react@19.2.2)(react@19.2.0)
      '@fluentui/set-version': 8.2.24
      '@types/react': 19.2.2
      react: 19.2.0
      tslib: 2.8.1

  '@hono/node-server@1.19.9(hono@4.7.9)':
    dependencies:
      hono: 4.7.9

  '@humanwhocodes/momoa@3.3.10': {}

  '@ibm/telemetry-js@1.10.2': {}

  '@terrazzo/cli@0.8.1(hono@4.7.9)':
    dependencies:
      '@clack/prompts': 0.9.1
      '@hono/node-server': 1.19.9(hono@4.7.9)
      '@humanwhocodes/momoa': 3.3.10
      '@terrazzo/parser': 0.8.1
      '@terrazzo/token-tools': 0.8.1
      '@types/escodegen': 0.0.10
      chokidar: 3.6.0
      detect-package-manager: 3.0.2
      dotenv: 16.6.1
      escodegen: 2.1.0
      merge-anything: 5.1.7
      meriyah: 6.1.4
      mime: 4.1.0
      picocolors: 1.1.1
      yaml-to-momoa: 0.0.6
    transitivePeerDependencies:
      - hono

  '@terrazzo/parser@0.8.1':
    dependencies:
      '@humanwhocodes/momoa': 3.3.10
      '@terrazzo/token-tools': 0.8.1
      '@types/babel__code-frame': 7.27.0
      '@types/culori': 4.0.1
      culori: 4.0.2
      merge-anything: 5.1.7
      picocolors: 1.1.1
      scule: 1.3.0
      wildcard-match: 5.1.4

  '@terrazzo/token-tools@0.8.1':
    dependencies:
      '@humanwhocodes/momoa': 3.3.10
      culori: 4.0.2
      wildcard-match: 5.1.4

  '@types/babel__code-frame@7.27.0': {}

  '@types/culori@4.0.1': {}

  '@types/escodegen@0.0.10': {}

  '@types/node@24.10.8':
    dependencies:
      undici-types: 7.16.0

  '@types/react@19.2.2':
    dependencies:
      csstype: 3.2.3

  anymatch@3.1.3:
    dependencies:
      normalize-path: 3.0.0
      picomatch: 2.3.1

  binary-extensions@2.3.0: {}

  braces@3.0.3:
    dependencies:
      fill-range: 7.1.1

  chokidar@3.6.0:
    dependencies:
      anymatch: 3.1.3
      braces: 3.0.3
      glob-parent: 5.1.2
      is-binary-path: 2.1.0
      is-glob: 4.0.3
      normalize-path: 3.0.0
      readdirp: 3.6.0
    optionalDependencies:
      fsevents: 2.3.3

  colorjs.io@0.6.0: {}

  cross-spawn@7.0.6:
    dependencies:
      path-key: 3.1.1
      shebang-command: 2.0.0
      which: 2.0.2

  csstype@3.2.3: {}

  culori@4.0.2: {}

  degit@2.8.4: {}

  detect-package-manager@3.0.2:
    dependencies:
      execa: 5.1.1

  dotenv@16.6.1: {}

  escodegen@2.1.0:
    dependencies:
      esprima: 4.0.1
      estraverse: 5.3.0
      esutils: 2.0.3
    optionalDependencies:
      source-map: 0.6.1

  esprima@4.0.1: {}

  estraverse@5.3.0: {}

  esutils@2.0.3: {}

  execa@5.1.1:
    dependencies:
      cross-spawn: 7.0.6
      get-stream: 6.0.1
      human-signals: 2.1.0
      is-stream: 2.0.1
      merge-stream: 2.0.0
      npm-run-path: 4.0.1
      onetime: 5.1.2
      signal-exit: 3.0.7
      strip-final-newline: 2.0.0

  fdir@6.5.0(picomatch@4.0.3):
    optionalDependencies:
      picomatch: 4.0.3

  fill-range@7.1.1:
    dependencies:
      to-regex-range: 5.0.1

  fsevents@2.3.3:
    optional: true

  get-stream@6.0.1: {}

  glob-parent@5.1.2:
    dependencies:
      is-glob: 4.0.3

  hono@4.7.9: {}

  human-signals@2.1.0: {}

  is-binary-path@2.1.0:
    dependencies:
      binary-extensions: 2.3.0

  is-extglob@2.1.1: {}

  is-glob@4.0.3:
    dependencies:
      is-extglob: 2.1.1

  is-number@7.0.0: {}

  is-stream@2.0.1: {}

  is-what@4.1.16: {}

  isexe@2.0.0: {}

  json5@2.2.3: {}

  merge-anything@5.1.7:
    dependencies:
      is-what: 4.1.16

  merge-stream@2.0.0: {}

  meriyah@6.1.4: {}

  mime@4.1.0: {}

  mimic-fn@2.1.0: {}

  normalize-path@3.0.0: {}

  npm-run-path@4.0.1:
    dependencies:
      path-key: 3.1.1

  onetime@5.1.2:
    dependencies:
      mimic-fn: 2.1.0

  path-key@3.1.1: {}

  picocolors@1.1.1: {}

  picomatch@2.3.1: {}

  picomatch@4.0.3: {}

  react@19.2.0: {}

  readdirp@3.6.0:
    dependencies:
      picomatch: 2.3.1

  scule@1.3.0: {}

  shebang-command@2.0.0:
    dependencies:
      shebang-regex: 3.0.0

  shebang-regex@3.0.0: {}

  signal-exit@3.0.7: {}

  sisteransi@1.0.5: {}

  source-map@0.6.1:
    optional: true

  strip-final-newline@2.0.0: {}

  tinyglobby@0.2.15:
    dependencies:
      fdir: 6.5.0(picomatch@4.0.3)
      picomatch: 4.0.3

  to-regex-range@5.0.1:
    dependencies:
      is-number: 7.0.0

  tslib@2.8.1: {}

  undici-types@7.16.0: {}

  which@2.0.2:
    dependencies:
      isexe: 2.0.0

  wildcard-match@5.1.4: {}

  yaml-to-momoa@0.0.6:
    dependencies:
      '@humanwhocodes/momoa': 3.3.10
      yaml: 2.8.2

  yaml@2.8.2: {}
